// !$*UTF8*$!
{
	archiveVersion = 1;
	classes = {
	};
	objectVersion = 46;
	objects = {

/* Begin PBXBuildFile section */
		0B6BF6F11797659C00895B1A /* CoreLocation.framework in Frameworks */ = {isa = PBXBuildFile; fileRef = 0B6BF6F01797659C00895B1A /* CoreLocation.framework */; };
		0B6BF6F3179765A300895B1A /* MapKit.framework in Frameworks */ = {isa = PBXBuildFile; fileRef = 0B6BF6F2179765A300895B1A /* MapKit.framework */; };
		C1E3E50817971B4400841576 /* UIKit.framework in Frameworks */ = {isa = PBXBuildFile; fileRef = C1E3E50717971B4400841576 /* UIKit.framework */; };
		C1E3E50A17971B4400841576 /* Foundation.framework in Frameworks */ = {isa = PBXBuildFile; fileRef = C1E3E50917971B4400841576 /* Foundation.framework */; };
		C1E3E50C17971B4400841576 /* CoreGraphics.framework in Frameworks */ = {isa = PBXBuildFile; fileRef = C1E3E50B17971B4400841576 /* CoreGraphics.framework */; };
		C1E3E51217971B4400841576 /* InfoPlist.strings in Resources */ = {isa = PBXBuildFile; fileRef = C1E3E51017971B4400841576 /* InfoPlist.strings */; };
		C1E3E51417971B4400841576 /* main.m in Sources */ = {isa = PBXBuildFile; fileRef = C1E3E51317971B4400841576 /* main.m */; };
		C1E3E51817971B4400841576 /* AppDelegate.m in Sources */ = {isa = PBXBuildFile; fileRef = C1E3E51717971B4400841576 /* AppDelegate.m */; };
		C1E3E51A17971B4400841576 /* Default.png in Resources */ = {isa = PBXBuildFile; fileRef = C1E3E51917971B4400841576 /* Default.png */; };
		C1E3E51C17971B4400841576 /* Default@2x.png in Resources */ = {isa = PBXBuildFile; fileRef = C1E3E51B17971B4400841576 /* Default@2x.png */; };
		C1E3E51E17971B4400841576 /* Default-568h@2x.png in Resources */ = {isa = PBXBuildFile; fileRef = C1E3E51D17971B4400841576 /* Default-568h@2x.png */; };
		C1E3E52117971B4400841576 /* MainStoryboard_iPhone.storyboard in Resources */ = {isa = PBXBuildFile; fileRef = C1E3E51F17971B4400841576 /* MainStoryboard_iPhone.storyboard */; };
		C1E3E52417971B4400841576 /* MainStoryboard_iPad.storyboard in Resources */ = {isa = PBXBuildFile; fileRef = C1E3E52217971B4400841576 /* MainStoryboard_iPad.storyboard */; };
		C1E3E52717971B4400841576 /* ViewController.m in Sources */ = {isa = PBXBuildFile; fileRef = C1E3E52617971B4400841576 /* ViewController.m */; };
/* End PBXBuildFile section */

/* Begin PBXFileReference section */
		0B6BF6F01797659C00895B1A /* CoreLocation.framework */ = {isa = PBXFileReference; lastKnownFileType = wrapper.framework; name = CoreLocation.framework; path = System/Library/Frameworks/CoreLocation.framework; sourceTree = SDKROOT; };
		0B6BF6F2179765A300895B1A /* MapKit.framework */ = {isa = PBXFileReference; lastKnownFileType = wrapper.framework; name = MapKit.framework; path = System/Library/Frameworks/MapKit.framework; sourceTree = SDKROOT; };
		C1E3E50417971B4400841576 /* meetup.app */ = {isa = PBXFileReference; explicitFileType = wrapper.application; includeInIndex = 0; path = meetup.app; sourceTree = BUILT_PRODUCTS_DIR; };
		C1E3E50717971B4400841576 /* UIKit.framework */ = {isa = PBXFileReference; lastKnownFileType = wrapper.framework; name = UIKit.framework; path = System/Library/Frameworks/UIKit.framework; sourceTree = SDKROOT; };
		C1E3E50917971B4400841576 /* Foundation.framework */ = {isa = PBXFileReference; lastKnownFileType = wrapper.framework; name = Foundation.framework; path = System/Library/Frameworks/Foundation.framework; sourceTree = SDKROOT; };
		C1E3E50B17971B4400841576 /* CoreGraphics.framework */ = {isa = PBXFileReference; lastKnownFileType = wrapper.framework; name = CoreGraphics.framework; path = System/Library/Frameworks/CoreGraphics.framework; sourceTree = SDKROOT; };
		C1E3E50F17971B4400841576 /* meetup-Info.plist */ = {isa = PBXFileReference; lastKnownFileType = text.plist.xml; path = "meetup-Info.plist"; sourceTree = "<group>"; };
		C1E3E51117971B4400841576 /* en */ = {isa = PBXFileReference; lastKnownFileType = text.plist.strings; name = en; path = en.lproj/InfoPlist.strings; sourceTree = "<group>"; };
		C1E3E51317971B4400841576 /* main.m */ = {isa = PBXFileReference; lastKnownFileType = sourcecode.c.objc; path = main.m; sourceTree = "<group>"; };
		C1E3E51517971B4400841576 /* meetup-Prefix.pch */ = {isa = PBXFileReference; lastKnownFileType = sourcecode.c.h; path = "meetup-Prefix.pch"; sourceTree = "<group>"; };
		C1E3E51617971B4400841576 /* AppDelegate.h */ = {isa = PBXFileReference; lastKnownFileType = sourcecode.c.h; path = AppDelegate.h; sourceTree = "<group>"; };
		C1E3E51717971B4400841576 /* AppDelegate.m */ = {isa = PBXFileReference; lastKnownFileType = sourcecode.c.objc; path = AppDelegate.m; sourceTree = "<group>"; };
		C1E3E51917971B4400841576 /* Default.png */ = {isa = PBXFileReference; lastKnownFileType = image.png; path = Default.png; sourceTree = "<group>"; };
		C1E3E51B17971B4400841576 /* Default@2x.png */ = {isa = PBXFileReference; lastKnownFileType = image.png; path = "Default@2x.png"; sourceTree = "<group>"; };
		C1E3E51D17971B4400841576 /* Default-568h@2x.png */ = {isa = PBXFileReference; lastKnownFileType = image.png; path = "Default-568h@2x.png"; sourceTree = "<group>"; };
		C1E3E52017971B4400841576 /* en */ = {isa = PBXFileReference; lastKnownFileType = file.storyboard; name = en; path = en.lproj/MainStoryboard_iPhone.storyboard; sourceTree = "<group>"; };
		C1E3E52317971B4400841576 /* en */ = {isa = PBXFileReference; lastKnownFileType = file.storyboard; name = en; path = en.lproj/MainStoryboard_iPad.storyboard; sourceTree = "<group>"; };
		C1E3E52517971B4400841576 /* ViewController.h */ = {isa = PBXFileReference; lastKnownFileType = sourcecode.c.h; path = ViewController.h; sourceTree = "<group>"; };
		C1E3E52617971B4400841576 /* ViewController.m */ = {isa = PBXFileReference; lastKnownFileType = sourcecode.c.objc; path = ViewController.m; sourceTree = "<group>"; };
/* End PBXFileReference section */

/* Begin PBXFrameworksBuildPhase section */
		C1E3E50117971B4300841576 /* Frameworks */ = {
			isa = PBXFrameworksBuildPhase;
			buildActionMask = 2147483647;
			files = (
				0B6BF6F3179765A300895B1A /* MapKit.framework in Frameworks */,
				0B6BF6F11797659C00895B1A /* CoreLocation.framework in Frameworks */,
				C1E3E50817971B4400841576 /* UIKit.framework in Frameworks */,
				C1E3E50A17971B4400841576 /* Foundation.framework in Frameworks */,
				C1E3E50C17971B4400841576 /* CoreGraphics.framework in Frameworks */,
			);
			runOnlyForDeploymentPostprocessing = 0;
		};
/* End PBXFrameworksBuildPhase section */

/* Begin PBXGroup section */
		C1E3E4FB17971B4300841576 = {
			isa = PBXGroup;
			children = (
				0B6BF6F2179765A300895B1A /* MapKit.framework */,
				0B6BF6F01797659C00895B1A /* CoreLocation.framework */,
				C1E3E50D17971B4400841576 /* meetup */,
				C1E3E50617971B4400841576 /* Frameworks */,
				C1E3E50517971B4400841576 /* Products */,
			);
			sourceTree = "<group>";
		};
		C1E3E50517971B4400841576 /* Products */ = {
			isa = PBXGroup;
			children = (
				C1E3E50417971B4400841576 /* meetup.app */,
			);
			name = Products;
			sourceTree = "<group>";
		};
		C1E3E50617971B4400841576 /* Frameworks */ = {
			isa = PBXGroup;
			children = (
				C1E3E50717971B4400841576 /* UIKit.framework */,
				C1E3E50917971B4400841576 /* Foundation.framework */,
				C1E3E50B17971B4400841576 /* CoreGraphics.framework */,
			);
			name = Frameworks;
			sourceTree = "<group>";
		};
		C1E3E50D17971B4400841576 /* meetup */ = {
			isa = PBXGroup;
			children = (
				C1E3E51617971B4400841576 /* AppDelegate.h */,
				C1E3E51717971B4400841576 /* AppDelegate.m */,
				C1E3E51F17971B4400841576 /* MainStoryboard_iPhone.storyboard */,
				C1E3E52217971B4400841576 /* MainStoryboard_iPad.storyboard */,
				C1E3E52517971B4400841576 /* ViewController.h */,
				C1E3E52617971B4400841576 /* ViewController.m */,
				C1E3E50E17971B4400841576 /* Supporting Files */,
			);
			path = meetup;
			sourceTree = "<group>";
		};
		C1E3E50E17971B4400841576 /* Supporting Files */ = {
			isa = PBXGroup;
			children = (
				C1E3E50F17971B4400841576 /* meetup-Info.plist */,
				C1E3E51017971B4400841576 /* InfoPlist.strings */,
				C1E3E51317971B4400841576 /* main.m */,
				C1E3E51517971B4400841576 /* meetup-Prefix.pch */,
				C1E3E51917971B4400841576 /* Default.png */,
				C1E3E51B17971B4400841576 /* Default@2x.png */,
				C1E3E51D17971B4400841576 /* Default-568h@2x.png */,
			);
			name = "Supporting Files";
			sourceTree = "<group>";
		};
/* End PBXGroup section */

/* Begin PBXNativeTarget section */
		C1E3E50317971B4300841576 /* meetup */ = {
			isa = PBXNativeTarget;
			buildConfigurationList = C1E3E52A17971B4400841576 /* Build configuration list for PBXNativeTarget "meetup" */;
			buildPhases = (
				C1E3E50017971B4300841576 /* Sources */,
				C1E3E50117971B4300841576 /* Frameworks */,
				C1E3E50217971B4300841576 /* Resources */,
			);
			buildRules = (
			);
			dependencies = (
			);
			name = meetup;
			productName = meetup;
			productReference = C1E3E50417971B4400841576 /* meetup.app */;
			productType = "com.apple.product-type.application";
		};
/* End PBXNativeTarget section */

/* Begin PBXProject section */
		C1E3E4FC17971B4300841576 /* Project object */ = {
			isa = PBXProject;
			attributes = {
				LastUpgradeCheck = 0460;
				ORGANIZATIONNAME = "Chris League";
			};
			buildConfigurationList = C1E3E4FF17971B4300841576 /* Build configuration list for PBXProject "meetup" */;
			compatibilityVersion = "Xcode 3.2";
			developmentRegion = English;
			hasScannedForEncodings = 0;
			knownRegions = (
				en,
			);
			mainGroup = C1E3E4FB17971B4300841576;
			productRefGroup = C1E3E50517971B4400841576 /* Products */;
			projectDirPath = "";
			projectRoot = "";
			targets = (
				C1E3E50317971B4300841576 /* meetup */,
			);
		};
/* End PBXProject section */

/* Begin PBXResourcesBuildPhase section */
		C1E3E50217971B4300841576 /* Resources */ = {
			isa = PBXResourcesBuildPhase;
			buildActionMask = 2147483647;
			files = (
				C1E3E51217971B4400841576 /* InfoPlist.strings in Resources */,
				C1E3E51A17971B4400841576 /* Default.png in Resources */,
				C1E3E51C17971B4400841576 /* Default@2x.png in Resources */,
				C1E3E51E17971B4400841576 /* Default-568h@2x.png in Resources */,
				C1E3E52117971B4400841576 /* MainStoryboard_iPhone.storyboard in Resources */,
				C1E3E52417971B4400841576 /* MainStoryboard_iPad.storyboard in Resources */,
			);
			runOnlyForDeploymentPostprocessing = 0;
		};
/* End PBXResourcesBuildPhase section */

/* Begin PBXSourcesBuildPhase section */
		C1E3E50017971B4300841576 /* Sources */ = {
			isa = PBXSourcesBuildPhase;
			buildActionMask = 2147483647;
			files = (
				C1E3E51417971B4400841576 /* main.m in Sources */,
				C1E3E51817971B4400841576 /* AppDelegate.m in Sources */,
				C1E3E52717971B4400841576 /* ViewController.m in Sources */,
			);
			runOnlyForDeploymentPostprocessing = 0;
		};
/* End PBXSourcesBuildPhase section */

/* Begin PBXVariantGroup section */
		C1E3E51017971B4400841576 /* InfoPlist.strings */ = {
			isa = PBXVariantGroup;
			children = (
				C1E3E51117971B4400841576 /* en */,
			);
			name = InfoPlist.strings;
			sourceTree = "<group>";
		};
		C1E3E51F17971B4400841576 /* MainStoryboard_iPhone.storyboard */ = {
			isa = PBXVariantGroup;
			children = (
				C1E3E52017971B4400841576 /* en */,
			);
			name = MainStoryboard_iPhone.storyboard;
			sourceTree = "<group>";
		};
		C1E3E52217971B4400841576 /* MainStoryboard_iPad.storyboard */ = {
			isa = PBXVariantGroup;
			children = (
				C1E3E52317971B4400841576 /* en */,
			);
			name = MainStoryboard_iPad.storyboard;
			sourceTree = "<group>";
		};
/* End PBXVariantGroup section */

/* Begin XCBuildConfiguration section */
		C1E3E52817971B4400841576 /* Debug */ = {
			isa = XCBuildConfiguration;
			buildSettings = {
				ALWAYS_SEARCH_USER_PATHS = NO;
				CLANG_CXX_LANGUAGE_STANDARD = "gnu++0x";
				CLANG_CXX_LIBRARY = "libc++";
				CLANG_ENABLE_OBJC_ARC = YES;
				CLANG_WARN_CONSTANT_CONVERSION = YES;
				CLANG_WARN_EMPTY_BODY = YES;
				CLANG_WARN_ENUM_CONVERSION = YES;
				CLANG_WARN_INT_CONVERSION = YES;
				CLANG_WARN__DUPLICATE_METHOD_MATCH = YES;
				"CODE_SIGN_IDENTITY[sdk=iphoneos*]" = "iPhone Developer";
				COPY_PHASE_STRIP = NO;
				GCC_C_LANGUAGE_STANDARD = gnu99;
				GCC_DYNAMIC_NO_PIC = NO;
				GCC_OPTIMIZATION_LEVEL = 0;
				GCC_PREPROCESSOR_DEFINITIONS = (
					"DEBUG=1",
					"$(inherited)",
				);
				GCC_SYMBOLS_PRIVATE_EXTERN = NO;
				GCC_WARN_ABOUT_RETURN_TYPE = YES;
				GCC_WARN_UNINITIALIZED_AUTOS = YES;
				GCC_WARN_UNUSED_VARIABLE = YES;
				IPHONEOS_DEPLOYMENT_TARGET = 6.1;
				ONLY_ACTIVE_ARCH = YES;
				SDKROOT = iphoneos;
				TARGETED_DEVICE_FAMILY = "1,2";
			};
			name = Debug;
		};
		C1E3E52917971B4400841576 /* Release */ = {
			isa = XCBuildConfiguration;
			buildSettings = {
				ALWAYS_SEARCH_USER_PATHS = NO;
				CLANG_CXX_LANGUAGE_STANDARD = "gnu++0x";
				CLANG_CXX_LIBRARY = "libc++";
				CLANG_ENABLE_OBJC_ARC = YES;
				CLANG_WARN_CONSTANT_CONVERSION = YES;
				CLANG_WARN_EMPTY_BODY = YES;
				CLANG_WARN_ENUM_CONVERSION = YES;
				CLANG_WARN_INT_CONVERSION = YES;
				CLANG_WARN__DUPLICATE_METHOD_MATCH = YES;
				"CODE_SIGN_IDENTITY[sdk=iphoneos*]" = "iPhone Developer";
				COPY_PHASE_STRIP = YES;
				GCC_C_LANGUAGE_STANDARD = gnu99;
				GCC_WARN_ABOUT_RETURN_TYPE = YES;
				GCC_WARN_UNINITIALIZED_AUTOS = YES;
				GCC_WARN_UNUSED_VARIABLE = YES;
				IPHONEOS_DEPLOYMENT_TARGET = 6.1;
				OTHER_CFLAGS = "-DNS_BLOCK_ASSERTIONS=1";
				SDKROOT = iphoneos;
				TARGETED_DEVICE_FAMILY = "1,2";
				VALIDATE_PRODUCT = YES;
			};
			name = Release;
		};
		C1E3E52B17971B4400841576 /* Debug */ = {
			isa = XCBuildConfiguration;
			buildSettings = {
				GCC_PRECOMPILE_PREFIX_HEADER = YES;
				GCC_PREFIX_HEADER = "meetup/meetup-Prefix.pch";
				INFOPLIST_FILE = "meetup/meetup-Info.plist";
				PRODUCT_NAME = "$(TARGET_NAME)";
				WRAPPER_EXTENSION = app;
			};
			name = Debug;
		};
		C1E3E52C17971B4400841576 /* Release */ = {
			isa = XCBuildConfiguration;
			buildSettings = {
				GCC_PRECOMPILE_PREFIX_HEADER = YES;
				GCC_PREFIX_HEADER = "meetup/meetup-Prefix.pch";
				INFOPLIST_FILE = "meetup/meetup-Info.plist";
				PRODUCT_NAME = "$(TARGET_NAME)";
				WRAPPER_EXTENSION = app;
			};
			name = Release;
		};
/* End XCBuildConfiguration section */

/* Begin XCConfigurationList section */
		C1E3E4FF17971B4300841576 /* Build configuration list for PBXProject "meetup" */ = {
			isa = XCConfigurationList;
			buildConfigurations = (
				C1E3E52817971B4400841576 /* Debug */,
				C1E3E52917971B4400841576 /* Release */,
			);
			defaultConfigurationIsVisible = 0;
			defaultConfigurationName = Release;
		};
		C1E3E52A17971B4400841576 /* Build configuration list for PBXNativeTarget "meetup" */ = {
			isa = XCConfigurationList;
			buildConfigurations = (
				C1E3E52B17971B4400841576 /* Debug */,
				C1E3E52C17971B4400841576 /* Release */,
			);
			defaultConfigurationIsVisible = 0;
			defaultConfigurationName = Release;
		};
/* End XCConfigurationList section */
	};
	rootObject = C1E3E4FC17971B4300841576 /* Project object */;
}
